
Microsoft Visual Studio Solution File, Format Version 12.00
Project("{2150E333-8FDC-42A3-9474-1A3956D46DE8}") = "CoreService", "CoreService", "{E4F72841-A04B-4FFF-9184-FFEB4BEDD387}"
EndProject
Project("{FAE04EC0-301F-11D3-BF4B-00C04F79EFBC}") = "CoreService.Domain", "CoreService.Domain\CoreService.Domain.csproj", "{7E958F8D-CCF1-4F41-98BE-FDFE372BB919}"
EndProject
Project("{FAE04EC0-301F-11D3-BF4B-00C04F79EFBC}") = "CoreService.Persistence", "CoreService.Persistence\CoreService.Persistence.csproj", "{83633AD5-5494-4CCB-8F2D-41B2A0CEC177}"
EndProject
Project("{FAE04EC0-301F-11D3-BF4B-00C04F79EFBC}") = "Common", "Common\Common.csproj", "{80E9A5CE-A016-498F-BC59-635B610DB0D5}"
EndProject
Project("{FAE04EC0-301F-11D3-BF4B-00C04F79EFBC}") = "CoreService.Infrastructure", "CoreService.Infrastructure\CoreService.Infrastructure.csproj", "{2AC13D86-2125-4AD3-84BE-F6D67B95DB11}"
EndProject
Project("{FAE04EC0-301F-11D3-BF4B-00C04F79EFBC}") = "CoreService.Application", "CoreService.Application\CoreService.Application.csproj", "{2AEAAAD6-E220-4817-B2FD-A5DFF5972996}"
EndProject
Project("{FAE04EC0-301F-11D3-BF4B-00C04F79EFBC}") = "CoreService.Presentation", "CoreService.Presentation\CoreService.Presentation.csproj", "{9C13E667-C810-4369-8919-F0E843159750}"
EndProject
Global
	GlobalSection(SolutionConfigurationPlatforms) = preSolution
		Debug|Any CPU = Debug|Any CPU
		Release|Any CPU = Release|Any CPU
	EndGlobalSection
	GlobalSection(ProjectConfigurationPlatforms) = postSolution
		{7E958F8D-CCF1-4F41-98BE-FDFE372BB919}.Debug|Any CPU.ActiveCfg = Debug|Any CPU
		{7E958F8D-CCF1-4F41-98BE-FDFE372BB919}.Debug|Any CPU.Build.0 = Debug|Any CPU
		{7E958F8D-CCF1-4F41-98BE-FDFE372BB919}.Release|Any CPU.ActiveCfg = Release|Any CPU
		{7E958F8D-CCF1-4F41-98BE-FDFE372BB919}.Release|Any CPU.Build.0 = Release|Any CPU
		{83633AD5-5494-4CCB-8F2D-41B2A0CEC177}.Debug|Any CPU.ActiveCfg = Debug|Any CPU
		{83633AD5-5494-4CCB-8F2D-41B2A0CEC177}.Debug|Any CPU.Build.0 = Debug|Any CPU
		{83633AD5-5494-4CCB-8F2D-41B2A0CEC177}.Release|Any CPU.ActiveCfg = Release|Any CPU
		{83633AD5-5494-4CCB-8F2D-41B2A0CEC177}.Release|Any CPU.Build.0 = Release|Any CPU
		{80E9A5CE-A016-498F-BC59-635B610DB0D5}.Debug|Any CPU.ActiveCfg = Debug|Any CPU
		{80E9A5CE-A016-498F-BC59-635B610DB0D5}.Debug|Any CPU.Build.0 = Debug|Any CPU
		{80E9A5CE-A016-498F-BC59-635B610DB0D5}.Release|Any CPU.ActiveCfg = Release|Any CPU
		{80E9A5CE-A016-498F-BC59-635B610DB0D5}.Release|Any CPU.Build.0 = Release|Any CPU
		{2AC13D86-2125-4AD3-84BE-F6D67B95DB11}.Debug|Any CPU.ActiveCfg = Debug|Any CPU
		{2AC13D86-2125-4AD3-84BE-F6D67B95DB11}.Debug|Any CPU.Build.0 = Debug|Any CPU
		{2AC13D86-2125-4AD3-84BE-F6D67B95DB11}.Release|Any CPU.ActiveCfg = Release|Any CPU
		{2AC13D86-2125-4AD3-84BE-F6D67B95DB11}.Release|Any CPU.Build.0 = Release|Any CPU
		{2AEAAAD6-E220-4817-B2FD-A5DFF5972996}.Debug|Any CPU.ActiveCfg = Debug|Any CPU
		{2AEAAAD6-E220-4817-B2FD-A5DFF5972996}.Debug|Any CPU.Build.0 = Debug|Any CPU
		{2AEAAAD6-E220-4817-B2FD-A5DFF5972996}.Release|Any CPU.ActiveCfg = Release|Any CPU
		{2AEAAAD6-E220-4817-B2FD-A5DFF5972996}.Release|Any CPU.Build.0 = Release|Any CPU
		{9C13E667-C810-4369-8919-F0E843159750}.Debug|Any CPU.ActiveCfg = Debug|Any CPU
		{9C13E667-C810-4369-8919-F0E843159750}.Debug|Any CPU.Build.0 = Debug|Any CPU
		{9C13E667-C810-4369-8919-F0E843159750}.Release|Any CPU.ActiveCfg = Release|Any CPU
		{9C13E667-C810-4369-8919-F0E843159750}.Release|Any CPU.Build.0 = Release|Any CPU
	EndGlobalSection
	GlobalSection(NestedProjects) = preSolution
		{7E958F8D-CCF1-4F41-98BE-FDFE372BB919} = {E4F72841-A04B-4FFF-9184-FFEB4BEDD387}
		{83633AD5-5494-4CCB-8F2D-41B2A0CEC177} = {E4F72841-A04B-4FFF-9184-FFEB4BEDD387}
		{2AC13D86-2125-4AD3-84BE-F6D67B95DB11} = {E4F72841-A04B-4FFF-9184-FFEB4BEDD387}
		{2AEAAAD6-E220-4817-B2FD-A5DFF5972996} = {E4F72841-A04B-4FFF-9184-FFEB4BEDD387}
		{9C13E667-C810-4369-8919-F0E843159750} = {E4F72841-A04B-4FFF-9184-FFEB4BEDD387}
	EndGlobalSection
EndGlobal
