
Microsoft Visual Studio Solution File, Format Version 12.00
# Visual Studio Version 17
VisualStudioVersion = 17.13.35818.85
MinimumVisualStudioVersion = 10.0.40219.1
Project("{2150E333-8FDC-42A3-9474-1A3956D46DE8}") = "CoreService", "CoreService", "{E4F72841-A04B-4FFF-9184-FFEB4BEDD387}"
EndProject
Project("{FAE04EC0-301F-11D3-BF4B-00C04F79EFBC}") = "CoreService.Domain", "CoreService.Domain\CoreService.Domain.csproj", "{7E958F8D-CCF1-4F41-98BE-FDFE372BB919}"
EndProject
Project("{FAE04EC0-301F-11D3-BF4B-00C04F79EFBC}") = "CoreService.Persistence", "CoreService.Persistence\CoreService.Persistence.csproj", "{83633AD5-5494-4CCB-8F2D-41B2A0CEC177}"
EndProject
Project("{FAE04EC0-301F-11D3-BF4B-00C04F79EFBC}") = "Common", "Common\Common.csproj", "{80E9A5CE-A016-498F-BC59-635B610DB0D5}"
EndProject
Project("{FAE04EC0-301F-11D3-BF4B-00C04F79EFBC}") = "CoreService.Infrastructure", "CoreService.Infrastructure\CoreService.Infrastructure.csproj", "{2AC13D86-2125-4AD3-84BE-F6D67B95DB11}"
EndProject
Project("{FAE04EC0-301F-11D3-BF4B-00C04F79EFBC}") = "CoreService.Application", "CoreService.Application\CoreService.Application.csproj", "{2AEAAAD6-E220-4817-B2FD-A5DFF5972996}"
EndProject
Project("{FAE04EC0-301F-11D3-BF4B-00C04F79EFBC}") = "CoreService.Presentation", "CoreService.Presentation\CoreService.Presentation.csproj", "{9C13E667-C810-4369-8919-F0E843159750}"
EndProject
Project("{2150E333-8FDC-42A3-9474-1A3956D46DE8}") = "UserService", "UserService", "{36D591C7-65C7-A0D1-1CBC-10CDE441BDC8}"
EndProject
Project("{FAE04EC0-301F-11D3-BF4B-00C04F79EFBC}") = "UserService.Domain", "UserService.Domain\UserService.Domain.csproj", "{A66926F1-7860-4117-BDF0-CED33980099C}"
EndProject
Project("{FAE04EC0-301F-11D3-BF4B-00C04F79EFBC}") = "UserService.Persistence", "UserSevice.Persistence\UserService.Persistence.csproj", "{5A011906-1DB6-4119-92EA-AB40894EA856}"
EndProject
Project("{FAE04EC0-301F-11D3-BF4B-00C04F79EFBC}") = "UserService.Presentation", "UserService.Presentation\UserService.Presentation.csproj", "{217C5480-7E03-4CD2-9A41-B0521DF8E3D4}"
EndProject
Project("{FAE04EC0-301F-11D3-BF4B-00C04F79EFBC}") = "UserService.Application", "UserService.Application\UserService.Application.csproj", "{BEAE9195-0AD4-491A-8255-A4F4926B816C}"
EndProject
Project("{2150E333-8FDC-42A3-9474-1A3956D46DE8}") = "Solution Items", "Solution Items", "{B3725753-CF42-49EF-B662-861FC7BCA610}"
	ProjectSection(SolutionItems) = preProject
		compose.yaml = compose.yaml
	EndProjectSection
EndProject
Project("{FAE04EC0-301F-11D3-BF4B-00C04F79EFBC}") = "CoreService.Kafka", "CoreService.Kafka\CoreService.Kafka.csproj", "{FF841F03-AA30-46A5-852A-11AB6777ED81}"
EndProject
Project("{FAE04EC0-301F-11D3-BF4B-00C04F79EFBC}") = "CoreService.Contracts", "CoreService.Contracts\CoreService.Contracts.csproj", "{E6BED854-579F-46F4-8797-1AFCE1FD0629}"
EndProject
Project("{2150E333-8FDC-42A3-9474-1A3956D46DE8}") = "CreditRatingService", "CreditRatingService", "{693B2ABF-9184-429F-8427-46229A956AD8}"
EndProject
Project("{FAE04EC0-301F-11D3-BF4B-00C04F79EFBC}") = "CreditRatingService.Application", "CreditRatingService.Application\CreditRatingService.Application.csproj", "{BE29BE76-E296-4DE5-85CA-A802A816715E}"
EndProject
Project("{FAE04EC0-301F-11D3-BF4B-00C04F79EFBC}") = "CreditRatingService.Domain", "CreditRatingService.Domain\CreditRatingService.Domain.csproj", "{63C04546-3FE3-441A-A68C-847A5F32EC25}"
EndProject
Project("{FAE04EC0-301F-11D3-BF4B-00C04F79EFBC}") = "CreditRatingService.Persistence", "CreditRatingService.Persistence\CreditRatingService.Persistence.csproj", "{2F3AC701-57A9-4EB2-92B0-87B481321892}"
EndProject
Project("{FAE04EC0-301F-11D3-BF4B-00C04F79EFBC}") = "CreditRatingService.Presentation", "CreditRatingService.Presentation\CreditRatingService.Presentation.csproj", "{EE95A075-421C-4E0D-9D55-27B4189738ED}"
EndProject
Project("{FAE04EC0-301F-11D3-BF4B-00C04F79EFBC}") = "CreditRatingService.Infrastucture", "CreditRatingService.Infrastucture\CreditRatingService.Infrastucture.csproj", "{6C4C2D3F-822A-413E-9F1F-9D79BF69D883}"
EndProject
Project("{FAE04EC0-301F-11D3-BF4B-00C04F79EFBC}") = "CreditRatingService.Contracts", "CreditRatingService.Contracts\CreditRatingService.Contracts.csproj", "{662186EC-6858-41A6-AB71-5BD0381D78A2}"
EndProject
Global
	GlobalSection(SolutionConfigurationPlatforms) = preSolution
		Debug|Any CPU = Debug|Any CPU
		Release|Any CPU = Release|Any CPU
	EndGlobalSection
	GlobalSection(ProjectConfigurationPlatforms) = postSolution
		{7E958F8D-CCF1-4F41-98BE-FDFE372BB919}.Debug|Any CPU.ActiveCfg = Debug|Any CPU
		{7E958F8D-CCF1-4F41-98BE-FDFE372BB919}.Debug|Any CPU.Build.0 = Debug|Any CPU
		{7E958F8D-CCF1-4F41-98BE-FDFE372BB919}.Release|Any CPU.ActiveCfg = Release|Any CPU
		{7E958F8D-CCF1-4F41-98BE-FDFE372BB919}.Release|Any CPU.Build.0 = Release|Any CPU
		{83633AD5-5494-4CCB-8F2D-41B2A0CEC177}.Debug|Any CPU.ActiveCfg = Debug|Any CPU
		{83633AD5-5494-4CCB-8F2D-41B2A0CEC177}.Debug|Any CPU.Build.0 = Debug|Any CPU
		{83633AD5-5494-4CCB-8F2D-41B2A0CEC177}.Release|Any CPU.ActiveCfg = Release|Any CPU
		{83633AD5-5494-4CCB-8F2D-41B2A0CEC177}.Release|Any CPU.Build.0 = Release|Any CPU
		{80E9A5CE-A016-498F-BC59-635B610DB0D5}.Debug|Any CPU.ActiveCfg = Debug|Any CPU
		{80E9A5CE-A016-498F-BC59-635B610DB0D5}.Debug|Any CPU.Build.0 = Debug|Any CPU
		{80E9A5CE-A016-498F-BC59-635B610DB0D5}.Release|Any CPU.ActiveCfg = Release|Any CPU
		{80E9A5CE-A016-498F-BC59-635B610DB0D5}.Release|Any CPU.Build.0 = Release|Any CPU
		{2AC13D86-2125-4AD3-84BE-F6D67B95DB11}.Debug|Any CPU.ActiveCfg = Debug|Any CPU
		{2AC13D86-2125-4AD3-84BE-F6D67B95DB11}.Debug|Any CPU.Build.0 = Debug|Any CPU
		{2AC13D86-2125-4AD3-84BE-F6D67B95DB11}.Release|Any CPU.ActiveCfg = Release|Any CPU
		{2AC13D86-2125-4AD3-84BE-F6D67B95DB11}.Release|Any CPU.Build.0 = Release|Any CPU
		{2AEAAAD6-E220-4817-B2FD-A5DFF5972996}.Debug|Any CPU.ActiveCfg = Debug|Any CPU
		{2AEAAAD6-E220-4817-B2FD-A5DFF5972996}.Debug|Any CPU.Build.0 = Debug|Any CPU
		{2AEAAAD6-E220-4817-B2FD-A5DFF5972996}.Release|Any CPU.ActiveCfg = Release|Any CPU
		{2AEAAAD6-E220-4817-B2FD-A5DFF5972996}.Release|Any CPU.Build.0 = Release|Any CPU
		{9C13E667-C810-4369-8919-F0E843159750}.Debug|Any CPU.ActiveCfg = Debug|Any CPU
		{9C13E667-C810-4369-8919-F0E843159750}.Debug|Any CPU.Build.0 = Debug|Any CPU
		{9C13E667-C810-4369-8919-F0E843159750}.Release|Any CPU.ActiveCfg = Release|Any CPU
		{9C13E667-C810-4369-8919-F0E843159750}.Release|Any CPU.Build.0 = Release|Any CPU
		{A66926F1-7860-4117-BDF0-CED33980099C}.Debug|Any CPU.ActiveCfg = Debug|Any CPU
		{A66926F1-7860-4117-BDF0-CED33980099C}.Debug|Any CPU.Build.0 = Debug|Any CPU
		{A66926F1-7860-4117-BDF0-CED33980099C}.Release|Any CPU.ActiveCfg = Release|Any CPU
		{A66926F1-7860-4117-BDF0-CED33980099C}.Release|Any CPU.Build.0 = Release|Any CPU
		{5A011906-1DB6-4119-92EA-AB40894EA856}.Debug|Any CPU.ActiveCfg = Debug|Any CPU
		{5A011906-1DB6-4119-92EA-AB40894EA856}.Debug|Any CPU.Build.0 = Debug|Any CPU
		{5A011906-1DB6-4119-92EA-AB40894EA856}.Release|Any CPU.ActiveCfg = Release|Any CPU
		{5A011906-1DB6-4119-92EA-AB40894EA856}.Release|Any CPU.Build.0 = Release|Any CPU
		{217C5480-7E03-4CD2-9A41-B0521DF8E3D4}.Debug|Any CPU.ActiveCfg = Debug|Any CPU
		{217C5480-7E03-4CD2-9A41-B0521DF8E3D4}.Debug|Any CPU.Build.0 = Debug|Any CPU
		{217C5480-7E03-4CD2-9A41-B0521DF8E3D4}.Release|Any CPU.ActiveCfg = Release|Any CPU
		{217C5480-7E03-4CD2-9A41-B0521DF8E3D4}.Release|Any CPU.Build.0 = Release|Any CPU
		{BEAE9195-0AD4-491A-8255-A4F4926B816C}.Debug|Any CPU.ActiveCfg = Debug|Any CPU
		{BEAE9195-0AD4-491A-8255-A4F4926B816C}.Debug|Any CPU.Build.0 = Debug|Any CPU
		{BEAE9195-0AD4-491A-8255-A4F4926B816C}.Release|Any CPU.ActiveCfg = Release|Any CPU
		{BEAE9195-0AD4-491A-8255-A4F4926B816C}.Release|Any CPU.Build.0 = Release|Any CPU
		{FF841F03-AA30-46A5-852A-11AB6777ED81}.Debug|Any CPU.ActiveCfg = Debug|Any CPU
		{FF841F03-AA30-46A5-852A-11AB6777ED81}.Debug|Any CPU.Build.0 = Debug|Any CPU
		{FF841F03-AA30-46A5-852A-11AB6777ED81}.Release|Any CPU.ActiveCfg = Release|Any CPU
		{FF841F03-AA30-46A5-852A-11AB6777ED81}.Release|Any CPU.Build.0 = Release|Any CPU
		{E6BED854-579F-46F4-8797-1AFCE1FD0629}.Debug|Any CPU.ActiveCfg = Debug|Any CPU
		{E6BED854-579F-46F4-8797-1AFCE1FD0629}.Debug|Any CPU.Build.0 = Debug|Any CPU
		{E6BED854-579F-46F4-8797-1AFCE1FD0629}.Release|Any CPU.ActiveCfg = Release|Any CPU
		{E6BED854-579F-46F4-8797-1AFCE1FD0629}.Release|Any CPU.Build.0 = Release|Any CPU
		{BE29BE76-E296-4DE5-85CA-A802A816715E}.Debug|Any CPU.ActiveCfg = Debug|Any CPU
		{BE29BE76-E296-4DE5-85CA-A802A816715E}.Debug|Any CPU.Build.0 = Debug|Any CPU
		{BE29BE76-E296-4DE5-85CA-A802A816715E}.Release|Any CPU.ActiveCfg = Release|Any CPU
		{BE29BE76-E296-4DE5-85CA-A802A816715E}.Release|Any CPU.Build.0 = Release|Any CPU
		{63C04546-3FE3-441A-A68C-847A5F32EC25}.Debug|Any CPU.ActiveCfg = Debug|Any CPU
		{63C04546-3FE3-441A-A68C-847A5F32EC25}.Debug|Any CPU.Build.0 = Debug|Any CPU
		{63C04546-3FE3-441A-A68C-847A5F32EC25}.Release|Any CPU.ActiveCfg = Release|Any CPU
		{63C04546-3FE3-441A-A68C-847A5F32EC25}.Release|Any CPU.Build.0 = Release|Any CPU
		{2F3AC701-57A9-4EB2-92B0-87B481321892}.Debug|Any CPU.ActiveCfg = Debug|Any CPU
		{2F3AC701-57A9-4EB2-92B0-87B481321892}.Debug|Any CPU.Build.0 = Debug|Any CPU
		{2F3AC701-57A9-4EB2-92B0-87B481321892}.Release|Any CPU.ActiveCfg = Release|Any CPU
		{2F3AC701-57A9-4EB2-92B0-87B481321892}.Release|Any CPU.Build.0 = Release|Any CPU
		{EE95A075-421C-4E0D-9D55-27B4189738ED}.Debug|Any CPU.ActiveCfg = Debug|Any CPU
		{EE95A075-421C-4E0D-9D55-27B4189738ED}.Debug|Any CPU.Build.0 = Debug|Any CPU
		{EE95A075-421C-4E0D-9D55-27B4189738ED}.Release|Any CPU.ActiveCfg = Release|Any CPU
		{EE95A075-421C-4E0D-9D55-27B4189738ED}.Release|Any CPU.Build.0 = Release|Any CPU
		{6C4C2D3F-822A-413E-9F1F-9D79BF69D883}.Debug|Any CPU.ActiveCfg = Debug|Any CPU
		{6C4C2D3F-822A-413E-9F1F-9D79BF69D883}.Debug|Any CPU.Build.0 = Debug|Any CPU
		{6C4C2D3F-822A-413E-9F1F-9D79BF69D883}.Release|Any CPU.ActiveCfg = Release|Any CPU
		{6C4C2D3F-822A-413E-9F1F-9D79BF69D883}.Release|Any CPU.Build.0 = Release|Any CPU
		{662186EC-6858-41A6-AB71-5BD0381D78A2}.Debug|Any CPU.ActiveCfg = Debug|Any CPU
		{662186EC-6858-41A6-AB71-5BD0381D78A2}.Debug|Any CPU.Build.0 = Debug|Any CPU
		{662186EC-6858-41A6-AB71-5BD0381D78A2}.Release|Any CPU.ActiveCfg = Release|Any CPU
		{662186EC-6858-41A6-AB71-5BD0381D78A2}.Release|Any CPU.Build.0 = Release|Any CPU
	EndGlobalSection
	GlobalSection(SolutionProperties) = preSolution
		HideSolutionNode = FALSE
	EndGlobalSection
	GlobalSection(NestedProjects) = preSolution
		{7E958F8D-CCF1-4F41-98BE-FDFE372BB919} = {E4F72841-A04B-4FFF-9184-FFEB4BEDD387}
		{83633AD5-5494-4CCB-8F2D-41B2A0CEC177} = {E4F72841-A04B-4FFF-9184-FFEB4BEDD387}
		{2AC13D86-2125-4AD3-84BE-F6D67B95DB11} = {E4F72841-A04B-4FFF-9184-FFEB4BEDD387}
		{2AEAAAD6-E220-4817-B2FD-A5DFF5972996} = {E4F72841-A04B-4FFF-9184-FFEB4BEDD387}
		{9C13E667-C810-4369-8919-F0E843159750} = {E4F72841-A04B-4FFF-9184-FFEB4BEDD387}
		{A66926F1-7860-4117-BDF0-CED33980099C} = {36D591C7-65C7-A0D1-1CBC-10CDE441BDC8}
		{5A011906-1DB6-4119-92EA-AB40894EA856} = {36D591C7-65C7-A0D1-1CBC-10CDE441BDC8}
		{217C5480-7E03-4CD2-9A41-B0521DF8E3D4} = {36D591C7-65C7-A0D1-1CBC-10CDE441BDC8}
		{BEAE9195-0AD4-491A-8255-A4F4926B816C} = {36D591C7-65C7-A0D1-1CBC-10CDE441BDC8}
		{FF841F03-AA30-46A5-852A-11AB6777ED81} = {E4F72841-A04B-4FFF-9184-FFEB4BEDD387}
		{E6BED854-579F-46F4-8797-1AFCE1FD0629} = {E4F72841-A04B-4FFF-9184-FFEB4BEDD387}
		{BE29BE76-E296-4DE5-85CA-A802A816715E} = {693B2ABF-9184-429F-8427-46229A956AD8}
		{63C04546-3FE3-441A-A68C-847A5F32EC25} = {693B2ABF-9184-429F-8427-46229A956AD8}
		{2F3AC701-57A9-4EB2-92B0-87B481321892} = {693B2ABF-9184-429F-8427-46229A956AD8}
		{EE95A075-421C-4E0D-9D55-27B4189738ED} = {693B2ABF-9184-429F-8427-46229A956AD8}
		{6C4C2D3F-822A-413E-9F1F-9D79BF69D883} = {693B2ABF-9184-429F-8427-46229A956AD8}
		{662186EC-6858-41A6-AB71-5BD0381D78A2} = {693B2ABF-9184-429F-8427-46229A956AD8}
	EndGlobalSection
	GlobalSection(ExtensibilityGlobals) = postSolution
		SolutionGuid = {2767A4CC-E2FE-4631-A1DE-E7FCE775AD40}
	EndGlobalSection
EndGlobal
